
Microsoft Visual Studio Solution File, Format Version 12.00
# Visual Studio Version 17
VisualStudioVersion = 17.9.34622.214
MinimumVisualStudioVersion = 10.0.40219.1
Project("{2150E333-8FDC-42A3-9474-1A3956D46DE8}") = "src", "src", "{70828900-57AA-409D-AF88-7CE6074A119D}"
EndProject
Project("{9A19103F-16F7-4668-BE54-9A1E7A4F7556}") = "Domain", "src\Domain\Domain.csproj", "{E9F5CC97-F851-45F3-81C2-33C17183D592}"
EndProject
Project("{9A19103F-16F7-4668-BE54-9A1E7A4F7556}") = "Infrastructure", "src\Infrastructure\Infrastructure.csproj", "{DA020DD8-6EDF-42C4-A866-7E5DDE9A8E70}"
EndProject
Project("{9A19103F-16F7-4668-BE54-9A1E7A4F7556}") = "StepStyle.WPF", "src\StepStyle.WPF\StepStyle.WPF.csproj", "{689AF432-B983-4DF2-A80B-3E72FDCCACB9}"
EndProject
Project("{9A19103F-16F7-4668-BE54-9A1E7A4F7556}") = "Application", "src\Application\Application.csproj", "{073E0B7E-6DCC-4F01-A57B-4DBBFD36D630}"
EndProject
Project("{2150E333-8FDC-42A3-9474-1A3956D46DE8}") = "README.md", "README.md", "{FBF1C2D2-E16C-4F8B-8BDF-9E80233A0212}"
EndProject
Global
	GlobalSection(SolutionConfigurationPlatforms) = preSolution
		Debug|Any CPU = Debug|Any CPU
		Release|Any CPU = Release|Any CPU
	EndGlobalSection
	GlobalSection(ProjectConfigurationPlatforms) = postSolution
		{E9F5CC97-F851-45F3-81C2-33C17183D592}.Debug|Any CPU.ActiveCfg = Debug|Any CPU
		{E9F5CC97-F851-45F3-81C2-33C17183D592}.Debug|Any CPU.Build.0 = Debug|Any CPU
		{E9F5CC97-F851-45F3-81C2-33C17183D592}.Release|Any CPU.ActiveCfg = Release|Any CPU
		{E9F5CC97-F851-45F3-81C2-33C17183D592}.Release|Any CPU.Build.0 = Release|Any CPU
		{DA020DD8-6EDF-42C4-A866-7E5DDE9A8E70}.Debug|Any CPU.ActiveCfg = Debug|Any CPU
		{DA020DD8-6EDF-42C4-A866-7E5DDE9A8E70}.Debug|Any CPU.Build.0 = Debug|Any CPU
		{DA020DD8-6EDF-42C4-A866-7E5DDE9A8E70}.Release|Any CPU.ActiveCfg = Release|Any CPU
		{DA020DD8-6EDF-42C4-A866-7E5DDE9A8E70}.Release|Any CPU.Build.0 = Release|Any CPU
		{689AF432-B983-4DF2-A80B-3E72FDCCACB9}.Debug|Any CPU.ActiveCfg = Debug|Any CPU
		{689AF432-B983-4DF2-A80B-3E72FDCCACB9}.Debug|Any CPU.Build.0 = Debug|Any CPU
		{689AF432-B983-4DF2-A80B-3E72FDCCACB9}.Release|Any CPU.ActiveCfg = Release|Any CPU
		{689AF432-B983-4DF2-A80B-3E72FDCCACB9}.Release|Any CPU.Build.0 = Release|Any CPU
		{073E0B7E-6DCC-4F01-A57B-4DBBFD36D630}.Debug|Any CPU.ActiveCfg = Debug|Any CPU
		{073E0B7E-6DCC-4F01-A57B-4DBBFD36D630}.Debug|Any CPU.Build.0 = Debug|Any CPU
		{073E0B7E-6DCC-4F01-A57B-4DBBFD36D630}.Release|Any CPU.ActiveCfg = Release|Any CPU
		{073E0B7E-6DCC-4F01-A57B-4DBBFD36D630}.Release|Any CPU.Build.0 = Release|Any CPU
	EndGlobalSection
	GlobalSection(SolutionProperties) = preSolution
		HideSolutionNode = FALSE
	EndGlobalSection
	GlobalSection(NestedProjects) = preSolution
		{E9F5CC97-F851-45F3-81C2-33C17183D592} = {70828900-57AA-409D-AF88-7CE6074A119D}
		{DA020DD8-6EDF-42C4-A866-7E5DDE9A8E70} = {70828900-57AA-409D-AF88-7CE6074A119D}
		{689AF432-B983-4DF2-A80B-3E72FDCCACB9} = {70828900-57AA-409D-AF88-7CE6074A119D}
		{073E0B7E-6DCC-4F01-A57B-4DBBFD36D630} = {70828900-57AA-409D-AF88-7CE6074A119D}
	EndGlobalSection
	GlobalSection(ExtensibilityGlobals) = postSolution
		SolutionGuid = {6E4FE204-B794-4A7D-B089-85E07ECFD698}
	EndGlobalSection
EndGlobal
